
Microsoft Visual Studio Solution File, Format Version 12.00
# Visual Studio Version 17
VisualStudioVersion = 17.6.33829.357
MinimumVisualStudioVersion = 10.0.40219.1
Project("{FAE04EC0-301F-11D3-BF4B-00C04F79EFBC}") = "ChangeImageInfo", "ChangeImageInfo.csproj", "{69CD46A4-7013-4E9E-A32C-8983E72D7A6B}"
EndProject
Global
	GlobalSection(SolutionConfigurationPlatforms) = preSolution
		Debug|Any CPU = Debug|Any CPU
		Release|Any CPU = Release|Any CPU
	EndGlobalSection
	GlobalSection(ProjectConfigurationPlatforms) = postSolution
		{69CD46A4-7013-4E9E-A32C-8983E72D7A6B}.Debug|Any CPU.ActiveCfg = Debug|Any CPU
		{69CD46A4-7013-4E9E-A32C-8983E72D7A6B}.Debug|Any CPU.Build.0 = Debug|Any CPU
		{69CD46A4-7013-4E9E-A32C-8983E72D7A6B}.Release|Any CPU.ActiveCfg = Release|Any CPU
		{69CD46A4-7013-4E9E-A32C-8983E72D7A6B}.Release|Any CPU.Build.0 = Release|Any CPU
	EndGlobalSection
	GlobalSection(SolutionProperties) = preSolution
		HideSolutionNode = FALSE
	EndGlobalSection
	GlobalSection(ExtensibilityGlobals) = postSolution
		SolutionGuid = {BEA44BE1-7DDF-499B-9E6E-6B8AB90D0856}
	EndGlobalSection
EndGlobal
